// !$*UTF8*$!
{
	archiveVersion = 1;
	classes = {
	};
	objectVersion = 50;
	objects = {

/* Begin PBXBuildFile section */
		A533E7A023EC6EC200FF830C /* AppDelegate.swift in Sources */ = {isa = PBXBuildFile; fileRef = A533E79F23EC6EC200FF830C /* AppDelegate.swift */; };
		A533E7A223EC6EC200FF830C /* SceneDelegate.swift in Sources */ = {isa = PBXBuildFile; fileRef = A533E7A123EC6EC200FF830C /* SceneDelegate.swift */; };
		A533E7A423EC6EC200FF830C /* ViewController.swift in Sources */ = {isa = PBXBuildFile; fileRef = A533E7A323EC6EC200FF830C /* ViewController.swift */; };
		A533E7A723EC6EC200FF830C /* Main.storyboard in Resources */ = {isa = PBXBuildFile; fileRef = A533E7A523EC6EC200FF830C /* Main.storyboard */; };
		A533E7A923EC6EC300FF830C /* Assets.xcassets in Resources */ = {isa = PBXBuildFile; fileRef = A533E7A823EC6EC300FF830C /* Assets.xcassets */; };
		A533E7AC23EC6EC300FF830C /* LaunchScreen.storyboard in Resources */ = {isa = PBXBuildFile; fileRef = A533E7AA23EC6EC300FF830C /* LaunchScreen.storyboard */; };
		A533E7B723EC6EC300FF830C /* DangerIntroTests.swift in Sources */ = {isa = PBXBuildFile; fileRef = A533E7B623EC6EC300FF830C /* DangerIntroTests.swift */; };
/* End PBXBuildFile section */

/* Begin PBXContainerItemProxy section */
		A533E7B323EC6EC300FF830C /* PBXContainerItemProxy */ = {
			isa = PBXContainerItemProxy;
			containerPortal = A533E79423EC6EC200FF830C /* Project object */;
			proxyType = 1;
			remoteGlobalIDString = A533E79B23EC6EC200FF830C;
			remoteInfo = DangerIntro;
		};
/* End PBXContainerItemProxy section */

/* Begin PBXFileReference section */
		A533E79C23EC6EC200FF830C /* DangerIntro.app */ = {isa = PBXFileReference; explicitFileType = wrapper.application; includeInIndex = 0; path = DangerIntro.app; sourceTree = BUILT_PRODUCTS_DIR; };
		A533E79F23EC6EC200FF830C /* AppDelegate.swift */ = {isa = PBXFileReference; lastKnownFileType = sourcecode.swift; path = AppDelegate.swift; sourceTree = "<group>"; };
		A533E7A123EC6EC200FF830C /* SceneDelegate.swift */ = {isa = PBXFileReference; lastKnownFileType = sourcecode.swift; path = SceneDelegate.swift; sourceTree = "<group>"; };
		A533E7A323EC6EC200FF830C /* ViewController.swift */ = {isa = PBXFileReference; lastKnownFileType = sourcecode.swift; path = ViewController.swift; sourceTree = "<group>"; };
		A533E7A623EC6EC200FF830C /* Base */ = {isa = PBXFileReference; lastKnownFileType = file.storyboard; name = Base; path = Base.lproj/Main.storyboard; sourceTree = "<group>"; };
		A533E7A823EC6EC300FF830C /* Assets.xcassets */ = {isa = PBXFileReference; lastKnownFileType = folder.assetcatalog; path = Assets.xcassets; sourceTree = "<group>"; };
		A533E7AB23EC6EC300FF830C /* Base */ = {isa = PBXFileReference; lastKnownFileType = file.storyboard; name = Base; path = Base.lproj/LaunchScreen.storyboard; sourceTree = "<group>"; };
		A533E7AD23EC6EC300FF830C /* Info.plist */ = {isa = PBXFileReference; lastKnownFileType = text.plist.xml; path = Info.plist; sourceTree = "<group>"; };
		A533E7B223EC6EC300FF830C /* DangerIntroTests.xctest */ = {isa = PBXFileReference; explicitFileType = wrapper.cfbundle; includeInIndex = 0; path = DangerIntroTests.xctest; sourceTree = BUILT_PRODUCTS_DIR; };
		A533E7B623EC6EC300FF830C /* DangerIntroTests.swift */ = {isa = PBXFileReference; lastKnownFileType = sourcecode.swift; path = DangerIntroTests.swift; sourceTree = "<group>"; };
		A533E7B823EC6EC300FF830C /* Info.plist */ = {isa = PBXFileReference; lastKnownFileType = text.plist.xml; path = Info.plist; sourceTree = "<group>"; };
/* End PBXFileReference section */

/* Begin PBXFrameworksBuildPhase section */
		A533E79923EC6EC200FF830C /* Frameworks */ = {
			isa = PBXFrameworksBuildPhase;
			buildActionMask = 2147483647;
			files = (
			);
			runOnlyForDeploymentPostprocessing = 0;
		};
		A533E7AF23EC6EC300FF830C /* Frameworks */ = {
			isa = PBXFrameworksBuildPhase;
			buildActionMask = 2147483647;
			files = (
			);
			runOnlyForDeploymentPostprocessing = 0;
		};
/* End PBXFrameworksBuildPhase section */

/* Begin PBXGroup section */
		A533E79323EC6EC200FF830C = {
			isa = PBXGroup;
			children = (
				A533E79E23EC6EC200FF830C /* DangerIntro */,
				A533E7B523EC6EC300FF830C /* DangerIntroTests */,
				A533E79D23EC6EC200FF830C /* Products */,
			);
			sourceTree = "<group>";
		};
		A533E79D23EC6EC200FF830C /* Products */ = {
			isa = PBXGroup;
			children = (
				A533E79C23EC6EC200FF830C /* DangerIntro.app */,
				A533E7B223EC6EC300FF830C /* DangerIntroTests.xctest */,
			);
			name = Products;
			sourceTree = "<group>";
		};
		A533E79E23EC6EC200FF830C /* DangerIntro */ = {
			isa = PBXGroup;
			children = (
				A533E79F23EC6EC200FF830C /* AppDelegate.swift */,
				A533E7A123EC6EC200FF830C /* SceneDelegate.swift */,
				A533E7A323EC6EC200FF830C /* ViewController.swift */,
				A533E7A523EC6EC200FF830C /* Main.storyboard */,
				A533E7A823EC6EC300FF830C /* Assets.xcassets */,
				A533E7AA23EC6EC300FF830C /* LaunchScreen.storyboard */,
				A533E7AD23EC6EC300FF830C /* Info.plist */,
			);
			path = DangerIntro;
			sourceTree = "<group>";
		};
		A533E7B523EC6EC300FF830C /* DangerIntroTests */ = {
			isa = PBXGroup;
			children = (
				A533E7B623EC6EC300FF830C /* DangerIntroTests.swift */,
				A533E7B823EC6EC300FF830C /* Info.plist */,
			);
			path = DangerIntroTests;
			sourceTree = "<group>";
		};
/* End PBXGroup section */

/* Begin PBXNativeTarget section */
		A533E79B23EC6EC200FF830C /* DangerIntro */ = {
			isa = PBXNativeTarget;
			buildConfigurationList = A533E7BB23EC6EC300FF830C /* Build configuration list for PBXNativeTarget "DangerIntro" */;
			buildPhases = (
				A533E79823EC6EC200FF830C /* Sources */,
				A533E79923EC6EC200FF830C /* Frameworks */,
				A533E79A23EC6EC200FF830C /* Resources */,
			);
			buildRules = (
			);
			dependencies = (
			);
			name = DangerIntro;
			productName = DangerIntro;
			productReference = A533E79C23EC6EC200FF830C /* DangerIntro.app */;
			productType = "com.apple.product-type.application";
		};
		A533E7B123EC6EC300FF830C /* DangerIntroTests */ = {
			isa = PBXNativeTarget;
			buildConfigurationList = A533E7BE23EC6EC300FF830C /* Build configuration list for PBXNativeTarget "DangerIntroTests" */;
			buildPhases = (
				A533E7AE23EC6EC300FF830C /* Sources */,
				A533E7AF23EC6EC300FF830C /* Frameworks */,
				A533E7B023EC6EC300FF830C /* Resources */,
			);
			buildRules = (
			);
			dependencies = (
				A533E7B423EC6EC300FF830C /* PBXTargetDependency */,
			);
			name = DangerIntroTests;
			productName = DangerIntroTests;
			productReference = A533E7B223EC6EC300FF830C /* DangerIntroTests.xctest */;
			productType = "com.apple.product-type.bundle.unit-test";
		};
/* End PBXNativeTarget section */

/* Begin PBXProject section */
		A533E79423EC6EC200FF830C /* Project object */ = {
			isa = PBXProject;
			attributes = {
				LastSwiftUpdateCheck = 1120;
				LastUpgradeCheck = 1120;
				ORGANIZATIONNAME = "Tiago Bras";
				TargetAttributes = {
					A533E79B23EC6EC200FF830C = {
						CreatedOnToolsVersion = 11.2.1;
					};
					A533E7B123EC6EC300FF830C = {
						CreatedOnToolsVersion = 11.2.1;
						TestTargetID = A533E79B23EC6EC200FF830C;
					};
				};
			};
			buildConfigurationList = A533E79723EC6EC200FF830C /* Build configuration list for PBXProject "DangerIntro" */;
			compatibilityVersion = "Xcode 9.3";
			developmentRegion = en;
			hasScannedForEncodings = 0;
			knownRegions = (
				en,
				Base,
			);
			mainGroup = A533E79323EC6EC200FF830C;
			productRefGroup = A533E79D23EC6EC200FF830C /* Products */;
			projectDirPath = "";
			projectRoot = "";
			targets = (
				A533E79B23EC6EC200FF830C /* DangerIntro */,
				A533E7B123EC6EC300FF830C /* DangerIntroTests */,
			);
		};
/* End PBXProject section */

/* Begin PBXResourcesBuildPhase section */
		A533E79A23EC6EC200FF830C /* Resources */ = {
			isa = PBXResourcesBuildPhase;
			buildActionMask = 2147483647;
			files = (
				A533E7AC23EC6EC300FF830C /* LaunchScreen.storyboard in Resources */,
				A533E7A923EC6EC300FF830C /* Assets.xcassets in Resources */,
				A533E7A723EC6EC200FF830C /* Main.storyboard in Resources */,
			);
			runOnlyForDeploymentPostprocessing = 0;
		};
		A533E7B023EC6EC300FF830C /* Resources */ = {
			isa = PBXResourcesBuildPhase;
			buildActionMask = 2147483647;
			files = (
			);
			runOnlyForDeploymentPostprocessing = 0;
		};
/* End PBXResourcesBuildPhase section */

/* Begin PBXSourcesBuildPhase section */
		A533E79823EC6EC200FF830C /* Sources */ = {
			isa = PBXSourcesBuildPhase;
			buildActionMask = 2147483647;
			files = (
				A533E7A423EC6EC200FF830C /* ViewController.swift in Sources */,
				A533E7A023EC6EC200FF830C /* AppDelegate.swift in Sources */,
				A533E7A223EC6EC200FF830C /* SceneDelegate.swift in Sources */,
			);
			runOnlyForDeploymentPostprocessing = 0;
		};
		A533E7AE23EC6EC300FF830C /* Sources */ = {
			isa = PBXSourcesBuildPhase;
			buildActionMask = 2147483647;
			files = (
				A533E7B723EC6EC300FF830C /* DangerIntroTests.swift in Sources */,
			);
			runOnlyForDeploymentPostprocessing = 0;
		};
/* End PBXSourcesBuildPhase section */

/* Begin PBXTargetDependency section */
		A533E7B423EC6EC300FF830C /* PBXTargetDependency */ = {
			isa = PBXTargetDependency;
			target = A533E79B23EC6EC200FF830C /* DangerIntro */;
			targetProxy = A533E7B323EC6EC300FF830C /* PBXContainerItemProxy */;
		};
/* End PBXTargetDependency section */

/* Begin PBXVariantGroup section */
		A533E7A523EC6EC200FF830C /* Main.storyboard */ = {
			isa = PBXVariantGroup;
			children = (
				A533E7A623EC6EC200FF830C /* Base */,
			);
			name = Main.storyboard;
			sourceTree = "<group>";
		};
		A533E7AA23EC6EC300FF830C /* LaunchScreen.storyboard */ = {
			isa = PBXVariantGroup;
			children = (
				A533E7AB23EC6EC300FF830C /* Base */,
			);
			name = LaunchScreen.storyboard;
			sourceTree = "<group>";
		};
/* End PBXVariantGroup section */

/* Begin XCBuildConfiguration section */
		A533E7B923EC6EC300FF830C /* Debug */ = {
			isa = XCBuildConfiguration;
			buildSettings = {
				ALWAYS_SEARCH_USER_PATHS = NO;
				CLANG_ANALYZER_NONNULL = YES;
				CLANG_ANALYZER_NUMBER_OBJECT_CONVERSION = YES_AGGRESSIVE;
				CLANG_CXX_LANGUAGE_STANDARD = "gnu++14";
				CLANG_CXX_LIBRARY = "libc++";
				CLANG_ENABLE_MODULES = YES;
				CLANG_ENABLE_OBJC_ARC = YES;
				CLANG_ENABLE_OBJC_WEAK = YES;
				CLANG_WARN_BLOCK_CAPTURE_AUTORELEASING = YES;
				CLANG_WARN_BOOL_CONVERSION = YES;
				CLANG_WARN_COMMA = YES;
				CLANG_WARN_CONSTANT_CONVERSION = YES;
				CLANG_WARN_DEPRECATED_OBJC_IMPLEMENTATIONS = YES;
				CLANG_WARN_DIRECT_OBJC_ISA_USAGE = YES_ERROR;
				CLANG_WARN_DOCUMENTATION_COMMENTS = YES;
				CLANG_WARN_EMPTY_BODY = YES;
				CLANG_WARN_ENUM_CONVERSION = YES;
				CLANG_WARN_INFINITE_RECURSION = YES;
				CLANG_WARN_INT_CONVERSION = YES;
				CLANG_WARN_NON_LITERAL_NULL_CONVERSION = YES;
				CLANG_WARN_OBJC_IMPLICIT_RETAIN_SELF = YES;
				CLANG_WARN_OBJC_LITERAL_CONVERSION = YES;
				CLANG_WARN_OBJC_ROOT_CLASS = YES_ERROR;
				CLANG_WARN_RANGE_LOOP_ANALYSIS = YES;
				CLANG_WARN_STRICT_PROTOTYPES = YES;
				CLANG_WARN_SUSPICIOUS_MOVE = YES;
				CLANG_WARN_UNGUARDED_AVAILABILITY = YES_AGGRESSIVE;
				CLANG_WARN_UNREACHABLE_CODE = YES;
				CLANG_WARN__DUPLICATE_METHOD_MATCH = YES;
				COPY_PHASE_STRIP = NO;
				DEBUG_INFORMATION_FORMAT = dwarf;
				ENABLE_STRICT_OBJC_MSGSEND = YES;
				ENABLE_TESTABILITY = YES;
				GCC_C_LANGUAGE_STANDARD = gnu11;
				GCC_DYNAMIC_NO_PIC = NO;
				GCC_NO_COMMON_BLOCKS = YES;
				GCC_OPTIMIZATION_LEVEL = 0;
				GCC_PREPROCESSOR_DEFINITIONS = (
					"DEBUG=1",
					"$(inherited)",
				);
				GCC_WARN_64_TO_32_BIT_CONVERSION = YES;
				GCC_WARN_ABOUT_RETURN_TYPE = YES_ERROR;
				GCC_WARN_UNDECLARED_SELECTOR = YES;
				GCC_WARN_UNINITIALIZED_AUTOS = YES_AGGRESSIVE;
				GCC_WARN_UNUSED_FUNCTION = YES;
				GCC_WARN_UNUSED_VARIABLE = YES;
				IPHONEOS_DEPLOYMENT_TARGET = 13.2;
				MTL_ENABLE_DEBUG_INFO = INCLUDE_SOURCE;
				MTL_FAST_MATH = YES;
				ONLY_ACTIVE_ARCH = YES;
				SDKROOT = iphoneos;
				SWIFT_ACTIVE_COMPILATION_CONDITIONS = DEBUG;
				SWIFT_OPTIMIZATION_LEVEL = "-Onone";
			};
			name = Debug;
		};
		A533E7BA23EC6EC300FF830C /* Release */ = {
			isa = XCBuildConfiguration;
			buildSettings = {
				ALWAYS_SEARCH_USER_PATHS = NO;
				CLANG_ANALYZER_NONNULL = YES;
				CLANG_ANALYZER_NUMBER_OBJECT_CONVERSION = YES_AGGRESSIVE;
				CLANG_CXX_LANGUAGE_STANDARD = "gnu++14";
				CLANG_CXX_LIBRARY = "libc++";
				CLANG_ENABLE_MODULES = YES;
				CLANG_ENABLE_OBJC_ARC = YES;
				CLANG_ENABLE_OBJC_WEAK = YES;
				CLANG_WARN_BLOCK_CAPTURE_AUTORELEASING = YES;
				CLANG_WARN_BOOL_CONVERSION = YES;
				CLANG_WARN_COMMA = YES;
				CLANG_WARN_CONSTANT_CONVERSION = YES;
				CLANG_WARN_DEPRECATED_OBJC_IMPLEMENTATIONS = YES;
				CLANG_WARN_DIRECT_OBJC_ISA_USAGE = YES_ERROR;
				CLANG_WARN_DOCUMENTATION_COMMENTS = YES;
				CLANG_WARN_EMPTY_BODY = YES;
				CLANG_WARN_ENUM_CONVERSION = YES;
				CLANG_WARN_INFINITE_RECURSION = YES;
				CLANG_WARN_INT_CONVERSION = YES;
				CLANG_WARN_NON_LITERAL_NULL_CONVERSION = YES;
				CLANG_WARN_OBJC_IMPLICIT_RETAIN_SELF = YES;
				CLANG_WARN_OBJC_LITERAL_CONVERSION = YES;
				CLANG_WARN_OBJC_ROOT_CLASS = YES_ERROR;
				CLANG_WARN_RANGE_LOOP_ANALYSIS = YES;
				CLANG_WARN_STRICT_PROTOTYPES = YES;
				CLANG_WARN_SUSPICIOUS_MOVE = YES;
				CLANG_WARN_UNGUARDED_AVAILABILITY = YES_AGGRESSIVE;
				CLANG_WARN_UNREACHABLE_CODE = YES;
				CLANG_WARN__DUPLICATE_METHOD_MATCH = YES;
				COPY_PHASE_STRIP = NO;
				DEBUG_INFORMATION_FORMAT = "dwarf-with-dsym";
				ENABLE_NS_ASSERTIONS = NO;
				ENABLE_STRICT_OBJC_MSGSEND = YES;
				GCC_C_LANGUAGE_STANDARD = gnu11;
				GCC_NO_COMMON_BLOCKS = YES;
				GCC_WARN_64_TO_32_BIT_CONVERSION = YES;
				GCC_WARN_ABOUT_RETURN_TYPE = YES_ERROR;
				GCC_WARN_UNDECLARED_SELECTOR = YES;
				GCC_WARN_UNINITIALIZED_AUTOS = YES_AGGRESSIVE;
				GCC_WARN_UNUSED_FUNCTION = YES;
				GCC_WARN_UNUSED_VARIABLE = YES;
				IPHONEOS_DEPLOYMENT_TARGET = 13.2;
				MTL_ENABLE_DEBUG_INFO = NO;
				MTL_FAST_MATH = YES;
				SDKROOT = iphoneos;
				SWIFT_COMPILATION_MODE = wholemodule;
				SWIFT_OPTIMIZATION_LEVEL = "-O";
				VALIDATE_PRODUCT = YES;
			};
			name = Release;
		};
		A533E7BC23EC6EC300FF830C /* Debug */ = {
			isa = XCBuildConfiguration;
			buildSettings = {
				ASSETCATALOG_COMPILER_APPICON_NAME = AppIcon;
				CODE_SIGN_STYLE = Automatic;
				DEVELOPMENT_TEAM = TLQ39969G3;
				INFOPLIST_FILE = DangerIntro/Info.plist;
				LD_RUNPATH_SEARCH_PATHS = (
					"$(inherited)",
					"@executable_path/Frameworks",
				);
				PRODUCT_BUNDLE_IDENTIFIER = com.tibr.demos.DangerIntro;
				PRODUCT_NAME = "$(TARGET_NAME)";
				SWIFT_VERSION = 5.0;
				TARGETED_DEVICE_FAMILY = "1,2";
			};
			name = Debug;
		};
		A533E7BD23EC6EC300FF830C /* Release */ = {
			isa = XCBuildConfiguration;
			buildSettings = {
				ASSETCATALOG_COMPILER_APPICON_NAME = AppIcon;
				CODE_SIGN_STYLE = Automatic;
				DEVELOPMENT_TEAM = TLQ39969G3;
				INFOPLIST_FILE = DangerIntro/Info.plist;
				LD_RUNPATH_SEARCH_PATHS = (
					"$(inherited)",
					"@executable_path/Frameworks",
				);
				PRODUCT_BUNDLE_IDENTIFIER = com.tibr.demos.DangerIntro;
				PRODUCT_NAME = "$(TARGET_NAME)";
				SWIFT_VERSION = 5.0;
				TARGETED_DEVICE_FAMILY = "1,2";
			};
			name = Release;
		};
		A533E7BF23EC6EC300FF830C /* Debug */ = {
			isa = XCBuildConfiguration;
			buildSettings = {
				ALWAYS_EMBED_SWIFT_STANDARD_LIBRARIES = YES;
				BUNDLE_LOADER = "$(TEST_HOST)";
				CODE_SIGN_STYLE = Automatic;
				DEVELOPMENT_TEAM = TLQ39969G3;
				INFOPLIST_FILE = DangerIntroTests/Info.plist;
				IPHONEOS_DEPLOYMENT_TARGET = 13.2;
				LD_RUNPATH_SEARCH_PATHS = (
					"$(inherited)",
					"@executable_path/Frameworks",
					"@loader_path/Frameworks",
				);
				PRODUCT_BUNDLE_IDENTIFIER = com.tibr.demos.DangerIntroTests;
				PRODUCT_NAME = "$(TARGET_NAME)";
				SWIFT_VERSION = 5.0;
				TARGETED_DEVICE_FAMILY = "1,2";
				TEST_HOST = "$(BUILT_PRODUCTS_DIR)/DangerIntro.app/DangerIntro";
			};
			name = Debug;
		};
		A533E7C023EC6EC300FF830C /* Release */ = {
			isa = XCBuildConfiguration;
			buildSettings = {
				ALWAYS_EMBED_SWIFT_STANDARD_LIBRARIES = YES;
				BUNDLE_LOADER = "$(TEST_HOST)";
				CODE_SIGN_STYLE = Automatic;
				DEVELOPMENT_TEAM = TLQ39969G3;
				INFOPLIST_FILE = DangerIntroTests/Info.plist;
				IPHONEOS_DEPLOYMENT_TARGET = 13.2;
				LD_RUNPATH_SEARCH_PATHS = (
					"$(inherited)",
					"@executable_path/Frameworks",
					"@loader_path/Frameworks",
				);
				PRODUCT_BUNDLE_IDENTIFIER = com.tibr.demos.DangerIntroTests;
				PRODUCT_NAME = "$(TARGET_NAME)";
				SWIFT_VERSION = 5.0;
				TARGETED_DEVICE_FAMILY = "1,2";
				TEST_HOST = "$(BUILT_PRODUCTS_DIR)/DangerIntro.app/DangerIntro";
			};
			name = Release;
		};
/* End XCBuildConfiguration section */

/* Begin XCConfigurationList section */
		A533E79723EC6EC200FF830C /* Build configuration list for PBXProject "DangerIntro" */ = {
			isa = XCConfigurationList;
			buildConfigurations = (
				A533E7B923EC6EC300FF830C /* Debug */,
				A533E7BA23EC6EC300FF830C /* Release */,
			);
			defaultConfigurationIsVisible = 0;
			defaultConfigurationName = Release;
		};
		A533E7BB23EC6EC300FF830C /* Build configuration list for PBXNativeTarget "DangerIntro" */ = {
			isa = XCConfigurationList;
			buildConfigurations = (
				A533E7BC23EC6EC300FF830C /* Debug */,
				A533E7BD23EC6EC300FF830C /* Release */,
			);
			defaultConfigurationIsVisible = 0;
			defaultConfigurationName = Release;
		};
		A533E7BE23EC6EC300FF830C /* Build configuration list for PBXNativeTarget "DangerIntroTests" */ = {
			isa = XCConfigurationList;
			buildConfigurations = (
				A533E7BF23EC6EC300FF830C /* Debug */,
				A533E7C023EC6EC300FF830C /* Release */,
			);
			defaultConfigurationIsVisible = 0;
			defaultConfigurationName = Release;
		};
/* End XCConfigurationList section */
	};
	rootObject = A533E79423EC6EC200FF830C /* Project object */;
}
